
Microsoft Visual Studio Solution File, Format Version 12.00
# Visual Studio 15
VisualStudioVersion = 15.0.27703.2026
MinimumVisualStudioVersion = 10.0.40219.1
Project("{9A19103F-16F7-4668-BE54-9A1E7A4F7556}") = "YnabWrapper", "YnabWrapper\YnabWrapper.csproj", "{0431997C-6236-4296-9949-EC511F271F11}"
EndProject
Project("{FAE04EC0-301F-11D3-BF4B-00C04F79EFBC}") = "YnabWrapper.Test", "YnabWrapper.Test\YnabWrapper.Test.csproj", "{716843D8-81C4-4768-A258-3DF55017CA5A}"
EndProject
Global
	GlobalSection(SolutionConfigurationPlatforms) = preSolution
		Debug|Any CPU = Debug|Any CPU
		Release|Any CPU = Release|Any CPU
	EndGlobalSection
	GlobalSection(ProjectConfigurationPlatforms) = postSolution
		{0431997C-6236-4296-9949-EC511F271F11}.Debug|Any CPU.ActiveCfg = Debug|Any CPU
		{0431997C-6236-4296-9949-EC511F271F11}.Debug|Any CPU.Build.0 = Debug|Any CPU
		{0431997C-6236-4296-9949-EC511F271F11}.Release|Any CPU.ActiveCfg = Release|Any CPU
		{0431997C-6236-4296-9949-EC511F271F11}.Release|Any CPU.Build.0 = Release|Any CPU
		{716843D8-81C4-4768-A258-3DF55017CA5A}.Debug|Any CPU.ActiveCfg = Debug|Any CPU
		{716843D8-81C4-4768-A258-3DF55017CA5A}.Debug|Any CPU.Build.0 = Debug|Any CPU
		{716843D8-81C4-4768-A258-3DF55017CA5A}.Release|Any CPU.ActiveCfg = Release|Any CPU
		{716843D8-81C4-4768-A258-3DF55017CA5A}.Release|Any CPU.Build.0 = Release|Any CPU
	EndGlobalSection
	GlobalSection(SolutionProperties) = preSolution
		HideSolutionNode = FALSE
	EndGlobalSection
	GlobalSection(ExtensibilityGlobals) = postSolution
		SolutionGuid = {119107EE-E9CA-49B7-A084-7EF5C3EBDD16}
	EndGlobalSection
EndGlobal
